{
  "name": "coffeenode-teacup",
  "version": "1.0.0",
  "lockfileVersion": 1,
  "requires": true,
  "dependencies": {
    "async": {
      "version": "3.2.0",
      "resolved": "https://registry.npmjs.org/async/-/async-3.2.0.tgz",
      "integrity": "sha512-TR2mEZFVOj2pLStYxLht7TyfuRzaydfpxr3k9RpHIzMgw7A64dzsdqCxH1WJyQdoe8T10nDXd9wnEigmiuHIZw==",
      "dev": true
    },
    "cnd": {
      "version": "9.0.0",
      "resolved": "https://registry.npmjs.org/cnd/-/cnd-9.0.0.tgz",
      "integrity": "sha512-1AppoXfThejErDB8E3GHxRdBZZ0zGEX0/XbetVoiEjJajhUJdkIgry5yb6dm8wvpgQHAWN5iWx5HpHMXLDOSFw=="
    },
    "guy-test": {
      "version": "4.0.0",
      "resolved": "https://registry.npmjs.org/guy-test/-/guy-test-4.0.0.tgz",
      "integrity": "sha512-MQdm4dZ+yYEyNoXogfPIMp/VJPiF567x1jXS8qE4kYcXUyAqqzhs7A43bMK6cT+KxN/gIUW/IHrKjFNYOEFxVA==",
      "dev": true,
      "requires": {
        "async": "^3.2.0",
        "cnd": "^9.0.0",
        "intertype": "^7.0.1"
      },
      "dependencies": {
        "cnd": {
          "version": "9.0.0",
          "resolved": "https://registry.npmjs.org/cnd/-/cnd-9.0.0.tgz",
          "integrity": "sha512-1AppoXfThejErDB8E3GHxRdBZZ0zGEX0/XbetVoiEjJajhUJdkIgry5yb6dm8wvpgQHAWN5iWx5HpHMXLDOSFw==",
          "dev": true
        }
      }
    },
    "intertype": {
      "version": "7.0.1",
      "resolved": "https://registry.npmjs.org/intertype/-/intertype-7.0.1.tgz",
      "integrity": "sha512-fOsvEeRKuaYPfPdaY9T69K6Y5X/kt/w/pMhH/FuIigp9EWUsLFo0BXVWzh0uVeGGN+ULtjpM0huwHgs8262hnA==",
      "dev": true,
      "requires": {
        "cnd": "^9.0.0",
        "multimix": "^4.0.0"
      },
      "dependencies": {
        "cnd": {
          "version": "9.0.0",
          "resolved": "https://registry.npmjs.org/cnd/-/cnd-9.0.0.tgz",
          "integrity": "sha512-1AppoXfThejErDB8E3GHxRdBZZ0zGEX0/XbetVoiEjJajhUJdkIgry5yb6dm8wvpgQHAWN5iWx5HpHMXLDOSFw==",
          "dev": true
        }
      }
    },
    "multimix": {
      "version": "4.0.0",
      "resolved": "https://registry.npmjs.org/multimix/-/multimix-4.0.0.tgz",
      "integrity": "sha512-5LmLhqQFR9wtmgvNSQLk/Tjv5eUpvOc1k0pWVcfcTiX8MPUYDRuOjWUjb2ceimu1ygL3p9L/uyWamCb24GW2Sw==",
      "dev": true,
      "requires": {
        "cnd": "^9.0.0"
      },
      "dependencies": {
        "cnd": {
          "version": "9.0.0",
          "resolved": "https://registry.npmjs.org/cnd/-/cnd-9.0.0.tgz",
          "integrity": "sha512-1AppoXfThejErDB8E3GHxRdBZZ0zGEX0/XbetVoiEjJajhUJdkIgry5yb6dm8wvpgQHAWN5iWx5HpHMXLDOSFw==",
          "dev": true
        }
      }
    },
    "teacup": {
      "version": "2.0.0",
      "resolved": "https://registry.npmjs.org/teacup/-/teacup-2.0.0.tgz",
      "integrity": "sha1-MgxhGVYQgdFoZkJz6Yck5FDvCvw="
    }
  }
}
